
Microsoft Visual Studio Solution File, Format Version 12.00
# Visual Studio Version 17
VisualStudioVersion = 17.3.32901.215
MinimumVisualStudioVersion = 10.0.40219.1
Project("{FAE04EC0-301F-11D3-BF4B-00C04F79EFBC}") = "Bonus Obtention du BTS", "Bonus Obtention du BTS\Bonus Obtention du BTS.csproj", "{7666CC32-EB44-4267-AEBD-F4160DF73BD5}"
EndProject
Global
	GlobalSection(SolutionConfigurationPlatforms) = preSolution
		Debug|Any CPU = Debug|Any CPU
		Release|Any CPU = Release|Any CPU
	EndGlobalSection
	GlobalSection(ProjectConfigurationPlatforms) = postSolution
		{7666CC32-EB44-4267-AEBD-F4160DF73BD5}.Debug|Any CPU.ActiveCfg = Debug|Any CPU
		{7666CC32-EB44-4267-AEBD-F4160DF73BD5}.Debug|Any CPU.Build.0 = Debug|Any CPU
		{7666CC32-EB44-4267-AEBD-F4160DF73BD5}.Release|Any CPU.ActiveCfg = Release|Any CPU
		{7666CC32-EB44-4267-AEBD-F4160DF73BD5}.Release|Any CPU.Build.0 = Release|Any CPU
	EndGlobalSection
	GlobalSection(SolutionProperties) = preSolution
		HideSolutionNode = FALSE
	EndGlobalSection
	GlobalSection(ExtensibilityGlobals) = postSolution
		SolutionGuid = {1AE36D62-1B94-4C5C-95B8-B9F692305CC2}
	EndGlobalSection
EndGlobal
